// !$*UTF8*$!
{
	archiveVersion = 1;
	classes = {
	};
	objectVersion = 50;
	objects = {

/* Begin PBXBuildFile section */
		831EB59C2619956C008A0F10 /* AppDelegate.swift in Sources */ = {isa = PBXBuildFile; fileRef = 831EB59B2619956C008A0F10 /* AppDelegate.swift */; };
		831EB59E2619956C008A0F10 /* SceneDelegate.swift in Sources */ = {isa = PBXBuildFile; fileRef = 831EB59D2619956C008A0F10 /* SceneDelegate.swift */; };
		831EB5A32619956C008A0F10 /* Main.storyboard in Resources */ = {isa = PBXBuildFile; fileRef = 831EB5A12619956C008A0F10 /* Main.storyboard */; };
		831EB5A52619956D008A0F10 /* Assets.xcassets in Resources */ = {isa = PBXBuildFile; fileRef = 831EB5A42619956D008A0F10 /* Assets.xcassets */; };
		831EB5A82619956D008A0F10 /* LaunchScreen.storyboard in Resources */ = {isa = PBXBuildFile; fileRef = 831EB5A62619956D008A0F10 /* LaunchScreen.storyboard */; };
		831EB5B32619956D008A0F10 /* aoka_TaskApp7Tests.swift in Sources */ = {isa = PBXBuildFile; fileRef = 831EB5B22619956D008A0F10 /* aoka_TaskApp7Tests.swift */; };
		831EB5BE2619956D008A0F10 /* aoka_TaskApp7UITests.swift in Sources */ = {isa = PBXBuildFile; fileRef = 831EB5BD2619956D008A0F10 /* aoka_TaskApp7UITests.swift */; };
		831EB5CF26199F40008A0F10 /* RedViewController.swift in Sources */ = {isa = PBXBuildFile; fileRef = 831EB5CE26199F40008A0F10 /* RedViewController.swift */; };
		831EB5D426199F4E008A0F10 /* GreenViewController.swift in Sources */ = {isa = PBXBuildFile; fileRef = 831EB5D326199F4E008A0F10 /* GreenViewController.swift */; };
/* End PBXBuildFile section */

/* Begin PBXContainerItemProxy section */
		831EB5AF2619956D008A0F10 /* PBXContainerItemProxy */ = {
			isa = PBXContainerItemProxy;
			containerPortal = 831EB5902619956C008A0F10 /* Project object */;
			proxyType = 1;
			remoteGlobalIDString = 831EB5972619956C008A0F10;
			remoteInfo = "aoka-TaskApp7";
		};
		831EB5BA2619956D008A0F10 /* PBXContainerItemProxy */ = {
			isa = PBXContainerItemProxy;
			containerPortal = 831EB5902619956C008A0F10 /* Project object */;
			proxyType = 1;
			remoteGlobalIDString = 831EB5972619956C008A0F10;
			remoteInfo = "aoka-TaskApp7";
		};
/* End PBXContainerItemProxy section */

/* Begin PBXFileReference section */
		831EB5982619956C008A0F10 /* aoka-TaskApp7.app */ = {isa = PBXFileReference; explicitFileType = wrapper.application; includeInIndex = 0; path = "aoka-TaskApp7.app"; sourceTree = BUILT_PRODUCTS_DIR; };
		831EB59B2619956C008A0F10 /* AppDelegate.swift */ = {isa = PBXFileReference; lastKnownFileType = sourcecode.swift; path = AppDelegate.swift; sourceTree = "<group>"; };
		831EB59D2619956C008A0F10 /* SceneDelegate.swift */ = {isa = PBXFileReference; lastKnownFileType = sourcecode.swift; path = SceneDelegate.swift; sourceTree = "<group>"; };
		831EB5A22619956C008A0F10 /* Base */ = {isa = PBXFileReference; lastKnownFileType = file.storyboard; name = Base; path = Base.lproj/Main.storyboard; sourceTree = "<group>"; };
		831EB5A42619956D008A0F10 /* Assets.xcassets */ = {isa = PBXFileReference; lastKnownFileType = folder.assetcatalog; path = Assets.xcassets; sourceTree = "<group>"; };
		831EB5A72619956D008A0F10 /* Base */ = {isa = PBXFileReference; lastKnownFileType = file.storyboard; name = Base; path = Base.lproj/LaunchScreen.storyboard; sourceTree = "<group>"; };
		831EB5A92619956D008A0F10 /* Info.plist */ = {isa = PBXFileReference; lastKnownFileType = text.plist.xml; path = Info.plist; sourceTree = "<group>"; };
		831EB5AE2619956D008A0F10 /* aoka-TaskApp7Tests.xctest */ = {isa = PBXFileReference; explicitFileType = wrapper.cfbundle; includeInIndex = 0; path = "aoka-TaskApp7Tests.xctest"; sourceTree = BUILT_PRODUCTS_DIR; };
		831EB5B22619956D008A0F10 /* aoka_TaskApp7Tests.swift */ = {isa = PBXFileReference; lastKnownFileType = sourcecode.swift; path = aoka_TaskApp7Tests.swift; sourceTree = "<group>"; };
		831EB5B42619956D008A0F10 /* Info.plist */ = {isa = PBXFileReference; lastKnownFileType = text.plist.xml; path = Info.plist; sourceTree = "<group>"; };
		831EB5B92619956D008A0F10 /* aoka-TaskApp7UITests.xctest */ = {isa = PBXFileReference; explicitFileType = wrapper.cfbundle; includeInIndex = 0; path = "aoka-TaskApp7UITests.xctest"; sourceTree = BUILT_PRODUCTS_DIR; };
		831EB5BD2619956D008A0F10 /* aoka_TaskApp7UITests.swift */ = {isa = PBXFileReference; lastKnownFileType = sourcecode.swift; path = aoka_TaskApp7UITests.swift; sourceTree = "<group>"; };
		831EB5BF2619956D008A0F10 /* Info.plist */ = {isa = PBXFileReference; lastKnownFileType = text.plist.xml; path = Info.plist; sourceTree = "<group>"; };
		831EB5CE26199F40008A0F10 /* RedViewController.swift */ = {isa = PBXFileReference; lastKnownFileType = sourcecode.swift; path = RedViewController.swift; sourceTree = "<group>"; };
		831EB5D326199F4E008A0F10 /* GreenViewController.swift */ = {isa = PBXFileReference; lastKnownFileType = sourcecode.swift; path = GreenViewController.swift; sourceTree = "<group>"; };
/* End PBXFileReference section */

/* Begin PBXFrameworksBuildPhase section */
		831EB5952619956C008A0F10 /* Frameworks */ = {
			isa = PBXFrameworksBuildPhase;
			buildActionMask = 2147483647;
			files = (
			);
			runOnlyForDeploymentPostprocessing = 0;
		};
		831EB5AB2619956D008A0F10 /* Frameworks */ = {
			isa = PBXFrameworksBuildPhase;
			buildActionMask = 2147483647;
			files = (
			);
			runOnlyForDeploymentPostprocessing = 0;
		};
		831EB5B62619956D008A0F10 /* Frameworks */ = {
			isa = PBXFrameworksBuildPhase;
			buildActionMask = 2147483647;
			files = (
			);
			runOnlyForDeploymentPostprocessing = 0;
		};
/* End PBXFrameworksBuildPhase section */

/* Begin PBXGroup section */
		831EB58F2619956C008A0F10 = {
			isa = PBXGroup;
			children = (
				831EB59A2619956C008A0F10 /* aoka-TaskApp7 */,
				831EB5B12619956D008A0F10 /* aoka-TaskApp7Tests */,
				831EB5BC2619956D008A0F10 /* aoka-TaskApp7UITests */,
				831EB5992619956C008A0F10 /* Products */,
			);
			sourceTree = "<group>";
		};
		831EB5992619956C008A0F10 /* Products */ = {
			isa = PBXGroup;
			children = (
				831EB5982619956C008A0F10 /* aoka-TaskApp7.app */,
				831EB5AE2619956D008A0F10 /* aoka-TaskApp7Tests.xctest */,
				831EB5B92619956D008A0F10 /* aoka-TaskApp7UITests.xctest */,
			);
			name = Products;
			sourceTree = "<group>";
		};
		831EB59A2619956C008A0F10 /* aoka-TaskApp7 */ = {
			isa = PBXGroup;
			children = (
				831EB59B2619956C008A0F10 /* AppDelegate.swift */,
				831EB59D2619956C008A0F10 /* SceneDelegate.swift */,
				831EB5CE26199F40008A0F10 /* RedViewController.swift */,
				831EB5D326199F4E008A0F10 /* GreenViewController.swift */,
				831EB5A12619956C008A0F10 /* Main.storyboard */,
				831EB5A42619956D008A0F10 /* Assets.xcassets */,
				831EB5A62619956D008A0F10 /* LaunchScreen.storyboard */,
				831EB5A92619956D008A0F10 /* Info.plist */,
			);
			path = "aoka-TaskApp7";
			sourceTree = "<group>";
		};
		831EB5B12619956D008A0F10 /* aoka-TaskApp7Tests */ = {
			isa = PBXGroup;
			children = (
				831EB5B22619956D008A0F10 /* aoka_TaskApp7Tests.swift */,
				831EB5B42619956D008A0F10 /* Info.plist */,
			);
			path = "aoka-TaskApp7Tests";
			sourceTree = "<group>";
		};
		831EB5BC2619956D008A0F10 /* aoka-TaskApp7UITests */ = {
			isa = PBXGroup;
			children = (
				831EB5BD2619956D008A0F10 /* aoka_TaskApp7UITests.swift */,
				831EB5BF2619956D008A0F10 /* Info.plist */,
			);
			path = "aoka-TaskApp7UITests";
			sourceTree = "<group>";
		};
/* End PBXGroup section */

/* Begin PBXNativeTarget section */
		831EB5972619956C008A0F10 /* aoka-TaskApp7 */ = {
			isa = PBXNativeTarget;
			buildConfigurationList = 831EB5C22619956D008A0F10 /* Build configuration list for PBXNativeTarget "aoka-TaskApp7" */;
			buildPhases = (
				831EB5942619956C008A0F10 /* Sources */,
				831EB5952619956C008A0F10 /* Frameworks */,
				831EB5962619956C008A0F10 /* Resources */,
			);
			buildRules = (
			);
			dependencies = (
			);
			name = "aoka-TaskApp7";
			productName = "aoka-TaskApp7";
			productReference = 831EB5982619956C008A0F10 /* aoka-TaskApp7.app */;
			productType = "com.apple.product-type.application";
		};
		831EB5AD2619956D008A0F10 /* aoka-TaskApp7Tests */ = {
			isa = PBXNativeTarget;
			buildConfigurationList = 831EB5C52619956D008A0F10 /* Build configuration list for PBXNativeTarget "aoka-TaskApp7Tests" */;
			buildPhases = (
				831EB5AA2619956D008A0F10 /* Sources */,
				831EB5AB2619956D008A0F10 /* Frameworks */,
				831EB5AC2619956D008A0F10 /* Resources */,
			);
			buildRules = (
			);
			dependencies = (
				831EB5B02619956D008A0F10 /* PBXTargetDependency */,
			);
			name = "aoka-TaskApp7Tests";
			productName = "aoka-TaskApp7Tests";
			productReference = 831EB5AE2619956D008A0F10 /* aoka-TaskApp7Tests.xctest */;
			productType = "com.apple.product-type.bundle.unit-test";
		};
		831EB5B82619956D008A0F10 /* aoka-TaskApp7UITests */ = {
			isa = PBXNativeTarget;
			buildConfigurationList = 831EB5C82619956D008A0F10 /* Build configuration list for PBXNativeTarget "aoka-TaskApp7UITests" */;
			buildPhases = (
				831EB5B52619956D008A0F10 /* Sources */,
				831EB5B62619956D008A0F10 /* Frameworks */,
				831EB5B72619956D008A0F10 /* Resources */,
			);
			buildRules = (
			);
			dependencies = (
				831EB5BB2619956D008A0F10 /* PBXTargetDependency */,
			);
			name = "aoka-TaskApp7UITests";
			productName = "aoka-TaskApp7UITests";
			productReference = 831EB5B92619956D008A0F10 /* aoka-TaskApp7UITests.xctest */;
			productType = "com.apple.product-type.bundle.ui-testing";
		};
/* End PBXNativeTarget section */

/* Begin PBXProject section */
		831EB5902619956C008A0F10 /* Project object */ = {
			isa = PBXProject;
			attributes = {
				LastSwiftUpdateCheck = 1240;
				LastUpgradeCheck = 1240;
				TargetAttributes = {
					831EB5972619956C008A0F10 = {
						CreatedOnToolsVersion = 12.4;
					};
					831EB5AD2619956D008A0F10 = {
						CreatedOnToolsVersion = 12.4;
						TestTargetID = 831EB5972619956C008A0F10;
					};
					831EB5B82619956D008A0F10 = {
						CreatedOnToolsVersion = 12.4;
						TestTargetID = 831EB5972619956C008A0F10;
					};
				};
			};
			buildConfigurationList = 831EB5932619956C008A0F10 /* Build configuration list for PBXProject "aoka-TaskApp7" */;
			compatibilityVersion = "Xcode 9.3";
			developmentRegion = en;
			hasScannedForEncodings = 0;
			knownRegions = (
				en,
				Base,
			);
			mainGroup = 831EB58F2619956C008A0F10;
			productRefGroup = 831EB5992619956C008A0F10 /* Products */;
			projectDirPath = "";
			projectRoot = "";
			targets = (
				831EB5972619956C008A0F10 /* aoka-TaskApp7 */,
				831EB5AD2619956D008A0F10 /* aoka-TaskApp7Tests */,
				831EB5B82619956D008A0F10 /* aoka-TaskApp7UITests */,
			);
		};
/* End PBXProject section */

/* Begin PBXResourcesBuildPhase section */
		831EB5962619956C008A0F10 /* Resources */ = {
			isa = PBXResourcesBuildPhase;
			buildActionMask = 2147483647;
			files = (
				831EB5A82619956D008A0F10 /* LaunchScreen.storyboard in Resources */,
				831EB5A52619956D008A0F10 /* Assets.xcassets in Resources */,
				831EB5A32619956C008A0F10 /* Main.storyboard in Resources */,
			);
			runOnlyForDeploymentPostprocessing = 0;
		};
		831EB5AC2619956D008A0F10 /* Resources */ = {
			isa = PBXResourcesBuildPhase;
			buildActionMask = 2147483647;
			files = (
			);
			runOnlyForDeploymentPostprocessing = 0;
		};
		831EB5B72619956D008A0F10 /* Resources */ = {
			isa = PBXResourcesBuildPhase;
			buildActionMask = 2147483647;
			files = (
			);
			runOnlyForDeploymentPostprocessing = 0;
		};
/* End PBXResourcesBuildPhase section */

/* Begin PBXSourcesBuildPhase section */
		831EB5942619956C008A0F10 /* Sources */ = {
			isa = PBXSourcesBuildPhase;
			buildActionMask = 2147483647;
			files = (
				831EB5CF26199F40008A0F10 /* RedViewController.swift in Sources */,
				831EB59C2619956C008A0F10 /* AppDelegate.swift in Sources */,
				831EB59E2619956C008A0F10 /* SceneDelegate.swift in Sources */,
				831EB5D426199F4E008A0F10 /* GreenViewController.swift in Sources */,
			);
			runOnlyForDeploymentPostprocessing = 0;
		};
		831EB5AA2619956D008A0F10 /* Sources */ = {
			isa = PBXSourcesBuildPhase;
			buildActionMask = 2147483647;
			files = (
				831EB5B32619956D008A0F10 /* aoka_TaskApp7Tests.swift in Sources */,
			);
			runOnlyForDeploymentPostprocessing = 0;
		};
		831EB5B52619956D008A0F10 /* Sources */ = {
			isa = PBXSourcesBuildPhase;
			buildActionMask = 2147483647;
			files = (
				831EB5BE2619956D008A0F10 /* aoka_TaskApp7UITests.swift in Sources */,
			);
			runOnlyForDeploymentPostprocessing = 0;
		};
/* End PBXSourcesBuildPhase section */

/* Begin PBXTargetDependency section */
		831EB5B02619956D008A0F10 /* PBXTargetDependency */ = {
			isa = PBXTargetDependency;
			target = 831EB5972619956C008A0F10 /* aoka-TaskApp7 */;
			targetProxy = 831EB5AF2619956D008A0F10 /* PBXContainerItemProxy */;
		};
		831EB5BB2619956D008A0F10 /* PBXTargetDependency */ = {
			isa = PBXTargetDependency;
			target = 831EB5972619956C008A0F10 /* aoka-TaskApp7 */;
			targetProxy = 831EB5BA2619956D008A0F10 /* PBXContainerItemProxy */;
		};
/* End PBXTargetDependency section */

/* Begin PBXVariantGroup section */
		831EB5A12619956C008A0F10 /* Main.storyboard */ = {
			isa = PBXVariantGroup;
			children = (
				831EB5A22619956C008A0F10 /* Base */,
			);
			name = Main.storyboard;
			sourceTree = "<group>";
		};
		831EB5A62619956D008A0F10 /* LaunchScreen.storyboard */ = {
			isa = PBXVariantGroup;
			children = (
				831EB5A72619956D008A0F10 /* Base */,
			);
			name = LaunchScreen.storyboard;
			sourceTree = "<group>";
		};
/* End PBXVariantGroup section */

/* Begin XCBuildConfiguration section */
		831EB5C02619956D008A0F10 /* Debug */ = {
			isa = XCBuildConfiguration;
			buildSettings = {
				ALWAYS_SEARCH_USER_PATHS = NO;
				CLANG_ANALYZER_NONNULL = YES;
				CLANG_ANALYZER_NUMBER_OBJECT_CONVERSION = YES_AGGRESSIVE;
				CLANG_CXX_LANGUAGE_STANDARD = "gnu++14";
				CLANG_CXX_LIBRARY = "libc++";
				CLANG_ENABLE_MODULES = YES;
				CLANG_ENABLE_OBJC_ARC = YES;
				CLANG_ENABLE_OBJC_WEAK = YES;
				CLANG_WARN_BLOCK_CAPTURE_AUTORELEASING = YES;
				CLANG_WARN_BOOL_CONVERSION = YES;
				CLANG_WARN_COMMA = YES;
				CLANG_WARN_CONSTANT_CONVERSION = YES;
				CLANG_WARN_DEPRECATED_OBJC_IMPLEMENTATIONS = YES;
				CLANG_WARN_DIRECT_OBJC_ISA_USAGE = YES_ERROR;
				CLANG_WARN_DOCUMENTATION_COMMENTS = YES;
				CLANG_WARN_EMPTY_BODY = YES;
				CLANG_WARN_ENUM_CONVERSION = YES;
				CLANG_WARN_INFINITE_RECURSION = YES;
				CLANG_WARN_INT_CONVERSION = YES;
				CLANG_WARN_NON_LITERAL_NULL_CONVERSION = YES;
				CLANG_WARN_OBJC_IMPLICIT_RETAIN_SELF = YES;
				CLANG_WARN_OBJC_LITERAL_CONVERSION = YES;
				CLANG_WARN_OBJC_ROOT_CLASS = YES_ERROR;
				CLANG_WARN_QUOTED_INCLUDE_IN_FRAMEWORK_HEADER = YES;
				CLANG_WARN_RANGE_LOOP_ANALYSIS = YES;
				CLANG_WARN_STRICT_PROTOTYPES = YES;
				CLANG_WARN_SUSPICIOUS_MOVE = YES;
				CLANG_WARN_UNGUARDED_AVAILABILITY = YES_AGGRESSIVE;
				CLANG_WARN_UNREACHABLE_CODE = YES;
				CLANG_WARN__DUPLICATE_METHOD_MATCH = YES;
				COPY_PHASE_STRIP = NO;
				DEBUG_INFORMATION_FORMAT = dwarf;
				ENABLE_STRICT_OBJC_MSGSEND = YES;
				ENABLE_TESTABILITY = YES;
				GCC_C_LANGUAGE_STANDARD = gnu11;
				GCC_DYNAMIC_NO_PIC = NO;
				GCC_NO_COMMON_BLOCKS = YES;
				GCC_OPTIMIZATION_LEVEL = 0;
				GCC_PREPROCESSOR_DEFINITIONS = (
					"DEBUG=1",
					"$(inherited)",
				);
				GCC_WARN_64_TO_32_BIT_CONVERSION = YES;
				GCC_WARN_ABOUT_RETURN_TYPE = YES_ERROR;
				GCC_WARN_UNDECLARED_SELECTOR = YES;
				GCC_WARN_UNINITIALIZED_AUTOS = YES_AGGRESSIVE;
				GCC_WARN_UNUSED_FUNCTION = YES;
				GCC_WARN_UNUSED_VARIABLE = YES;
				IPHONEOS_DEPLOYMENT_TARGET = 14.4;
				MTL_ENABLE_DEBUG_INFO = INCLUDE_SOURCE;
				MTL_FAST_MATH = YES;
				ONLY_ACTIVE_ARCH = YES;
				SDKROOT = iphoneos;
				SWIFT_ACTIVE_COMPILATION_CONDITIONS = DEBUG;
				SWIFT_OPTIMIZATION_LEVEL = "-Onone";
			};
			name = Debug;
		};
		831EB5C12619956D008A0F10 /* Release */ = {
			isa = XCBuildConfiguration;
			buildSettings = {
				ALWAYS_SEARCH_USER_PATHS = NO;
				CLANG_ANALYZER_NONNULL = YES;
				CLANG_ANALYZER_NUMBER_OBJECT_CONVERSION = YES_AGGRESSIVE;
				CLANG_CXX_LANGUAGE_STANDARD = "gnu++14";
				CLANG_CXX_LIBRARY = "libc++";
				CLANG_ENABLE_MODULES = YES;
				CLANG_ENABLE_OBJC_ARC = YES;
				CLANG_ENABLE_OBJC_WEAK = YES;
				CLANG_WARN_BLOCK_CAPTURE_AUTORELEASING = YES;
				CLANG_WARN_BOOL_CONVERSION = YES;
				CLANG_WARN_COMMA = YES;
				CLANG_WARN_CONSTANT_CONVERSION = YES;
				CLANG_WARN_DEPRECATED_OBJC_IMPLEMENTATIONS = YES;
				CLANG_WARN_DIRECT_OBJC_ISA_USAGE = YES_ERROR;
				CLANG_WARN_DOCUMENTATION_COMMENTS = YES;
				CLANG_WARN_EMPTY_BODY = YES;
				CLANG_WARN_ENUM_CONVERSION = YES;
				CLANG_WARN_INFINITE_RECURSION = YES;
				CLANG_WARN_INT_CONVERSION = YES;
				CLANG_WARN_NON_LITERAL_NULL_CONVERSION = YES;
				CLANG_WARN_OBJC_IMPLICIT_RETAIN_SELF = YES;
				CLANG_WARN_OBJC_LITERAL_CONVERSION = YES;
				CLANG_WARN_OBJC_ROOT_CLASS = YES_ERROR;
				CLANG_WARN_QUOTED_INCLUDE_IN_FRAMEWORK_HEADER = YES;
				CLANG_WARN_RANGE_LOOP_ANALYSIS = YES;
				CLANG_WARN_STRICT_PROTOTYPES = YES;
				CLANG_WARN_SUSPICIOUS_MOVE = YES;
				CLANG_WARN_UNGUARDED_AVAILABILITY = YES_AGGRESSIVE;
				CLANG_WARN_UNREACHABLE_CODE = YES;
				CLANG_WARN__DUPLICATE_METHOD_MATCH = YES;
				COPY_PHASE_STRIP = NO;
				DEBUG_INFORMATION_FORMAT = "dwarf-with-dsym";
				ENABLE_NS_ASSERTIONS = NO;
				ENABLE_STRICT_OBJC_MSGSEND = YES;
				GCC_C_LANGUAGE_STANDARD = gnu11;
				GCC_NO_COMMON_BLOCKS = YES;
				GCC_WARN_64_TO_32_BIT_CONVERSION = YES;
				GCC_WARN_ABOUT_RETURN_TYPE = YES_ERROR;
				GCC_WARN_UNDECLARED_SELECTOR = YES;
				GCC_WARN_UNINITIALIZED_AUTOS = YES_AGGRESSIVE;
				GCC_WARN_UNUSED_FUNCTION = YES;
				GCC_WARN_UNUSED_VARIABLE = YES;
				IPHONEOS_DEPLOYMENT_TARGET = 14.4;
				MTL_ENABLE_DEBUG_INFO = NO;
				MTL_FAST_MATH = YES;
				SDKROOT = iphoneos;
				SWIFT_COMPILATION_MODE = wholemodule;
				SWIFT_OPTIMIZATION_LEVEL = "-O";
				VALIDATE_PRODUCT = YES;
			};
			name = Release;
		};
		831EB5C32619956D008A0F10 /* Debug */ = {
			isa = XCBuildConfiguration;
			buildSettings = {
				ASSETCATALOG_COMPILER_APPICON_NAME = AppIcon;
				ASSETCATALOG_COMPILER_GLOBAL_ACCENT_COLOR_NAME = AccentColor;
				CODE_SIGN_STYLE = Automatic;
				INFOPLIST_FILE = "aoka-TaskApp7/Info.plist";
				LD_RUNPATH_SEARCH_PATHS = (
					"$(inherited)",
					"@executable_path/Frameworks",
				);
				PRODUCT_BUNDLE_IDENTIFIER = "koki.aoka-TaskApp7";
				PRODUCT_NAME = "$(TARGET_NAME)";
				SWIFT_VERSION = 5.0;
				TARGETED_DEVICE_FAMILY = "1,2";
			};
			name = Debug;
		};
		831EB5C42619956D008A0F10 /* Release */ = {
			isa = XCBuildConfiguration;
			buildSettings = {
				ASSETCATALOG_COMPILER_APPICON_NAME = AppIcon;
				ASSETCATALOG_COMPILER_GLOBAL_ACCENT_COLOR_NAME = AccentColor;
				CODE_SIGN_STYLE = Automatic;
				INFOPLIST_FILE = "aoka-TaskApp7/Info.plist";
				LD_RUNPATH_SEARCH_PATHS = (
					"$(inherited)",
					"@executable_path/Frameworks",
				);
				PRODUCT_BUNDLE_IDENTIFIER = "koki.aoka-TaskApp7";
				PRODUCT_NAME = "$(TARGET_NAME)";
				SWIFT_VERSION = 5.0;
				TARGETED_DEVICE_FAMILY = "1,2";
			};
			name = Release;
		};
		831EB5C62619956D008A0F10 /* Debug */ = {
			isa = XCBuildConfiguration;
			buildSettings = {
				ALWAYS_EMBED_SWIFT_STANDARD_LIBRARIES = YES;
				BUNDLE_LOADER = "$(TEST_HOST)";
				CODE_SIGN_STYLE = Automatic;
				INFOPLIST_FILE = "aoka-TaskApp7Tests/Info.plist";
				IPHONEOS_DEPLOYMENT_TARGET = 14.4;
				LD_RUNPATH_SEARCH_PATHS = (
					"$(inherited)",
					"@executable_path/Frameworks",
					"@loader_path/Frameworks",
				);
				PRODUCT_BUNDLE_IDENTIFIER = "koki.aoka-TaskApp7Tests";
				PRODUCT_NAME = "$(TARGET_NAME)";
				SWIFT_VERSION = 5.0;
				TARGETED_DEVICE_FAMILY = "1,2";
				TEST_HOST = "$(BUILT_PRODUCTS_DIR)/aoka-TaskApp7.app/aoka-TaskApp7";
			};
			name = Debug;
		};
		831EB5C72619956D008A0F10 /* Release */ = {
			isa = XCBuildConfiguration;
			buildSettings = {
				ALWAYS_EMBED_SWIFT_STANDARD_LIBRARIES = YES;
				BUNDLE_LOADER = "$(TEST_HOST)";
				CODE_SIGN_STYLE = Automatic;
				INFOPLIST_FILE = "aoka-TaskApp7Tests/Info.plist";
				IPHONEOS_DEPLOYMENT_TARGET = 14.4;
				LD_RUNPATH_SEARCH_PATHS = (
					"$(inherited)",
					"@executable_path/Frameworks",
					"@loader_path/Frameworks",
				);
				PRODUCT_BUNDLE_IDENTIFIER = "koki.aoka-TaskApp7Tests";
				PRODUCT_NAME = "$(TARGET_NAME)";
				SWIFT_VERSION = 5.0;
				TARGETED_DEVICE_FAMILY = "1,2";
				TEST_HOST = "$(BUILT_PRODUCTS_DIR)/aoka-TaskApp7.app/aoka-TaskApp7";
			};
			name = Release;
		};
		831EB5C92619956D008A0F10 /* Debug */ = {
			isa = XCBuildConfiguration;
			buildSettings = {
				ALWAYS_EMBED_SWIFT_STANDARD_LIBRARIES = YES;
				CODE_SIGN_STYLE = Automatic;
				INFOPLIST_FILE = "aoka-TaskApp7UITests/Info.plist";
				LD_RUNPATH_SEARCH_PATHS = (
					"$(inherited)",
					"@executable_path/Frameworks",
					"@loader_path/Frameworks",
				);
				PRODUCT_BUNDLE_IDENTIFIER = "koki.aoka-TaskApp7UITests";
				PRODUCT_NAME = "$(TARGET_NAME)";
				SWIFT_VERSION = 5.0;
				TARGETED_DEVICE_FAMILY = "1,2";
				TEST_TARGET_NAME = "aoka-TaskApp7";
			};
			name = Debug;
		};
		831EB5CA2619956D008A0F10 /* Release */ = {
			isa = XCBuildConfiguration;
			buildSettings = {
				ALWAYS_EMBED_SWIFT_STANDARD_LIBRARIES = YES;
				CODE_SIGN_STYLE = Automatic;
				INFOPLIST_FILE = "aoka-TaskApp7UITests/Info.plist";
				LD_RUNPATH_SEARCH_PATHS = (
					"$(inherited)",
					"@executable_path/Frameworks",
					"@loader_path/Frameworks",
				);
				PRODUCT_BUNDLE_IDENTIFIER = "koki.aoka-TaskApp7UITests";
				PRODUCT_NAME = "$(TARGET_NAME)";
				SWIFT_VERSION = 5.0;
				TARGETED_DEVICE_FAMILY = "1,2";
				TEST_TARGET_NAME = "aoka-TaskApp7";
			};
			name = Release;
		};
/* End XCBuildConfiguration section */

/* Begin XCConfigurationList section */
		831EB5932619956C008A0F10 /* Build configuration list for PBXProject "aoka-TaskApp7" */ = {
			isa = XCConfigurationList;
			buildConfigurations = (
				831EB5C02619956D008A0F10 /* Debug */,
				831EB5C12619956D008A0F10 /* Release */,
			);
			defaultConfigurationIsVisible = 0;
			defaultConfigurationName = Release;
		};
		831EB5C22619956D008A0F10 /* Build configuration list for PBXNativeTarget "aoka-TaskApp7" */ = {
			isa = XCConfigurationList;
			buildConfigurations = (
				831EB5C32619956D008A0F10 /* Debug */,
				831EB5C42619956D008A0F10 /* Release */,
			);
			defaultConfigurationIsVisible = 0;
			defaultConfigurationName = Release;
		};
		831EB5C52619956D008A0F10 /* Build configuration list for PBXNativeTarget "aoka-TaskApp7Tests" */ = {
			isa = XCConfigurationList;
			buildConfigurations = (
				831EB5C62619956D008A0F10 /* Debug */,
				831EB5C72619956D008A0F10 /* Release */,
			);
			defaultConfigurationIsVisible = 0;
			defaultConfigurationName = Release;
		};
		831EB5C82619956D008A0F10 /* Build configuration list for PBXNativeTarget "aoka-TaskApp7UITests" */ = {
			isa = XCConfigurationList;
			buildConfigurations = (
				831EB5C92619956D008A0F10 /* Debug */,
				831EB5CA2619956D008A0F10 /* Release */,
			);
			defaultConfigurationIsVisible = 0;
			defaultConfigurationName = Release;
		};
/* End XCConfigurationList section */
	};
	rootObject = 831EB5902619956C008A0F10 /* Project object */;
}
